// !$*UTF8*$!
{
	archiveVersion = 1;
	classes = {
	};
	objectVersion = 55;
	objects = {

/* Begin PBXBuildFile section */
		9E2A8A63288F182E00BD57E1 /* AppDelegate.swift in Sources */ = {isa = PBXBuildFile; fileRef = 9E2A8A62288F182E00BD57E1 /* AppDelegate.swift */; };
		9E2A8A65288F182E00BD57E1 /* SceneDelegate.swift in Sources */ = {isa = PBXBuildFile; fileRef = 9E2A8A64288F182E00BD57E1 /* SceneDelegate.swift */; };
		9E2A8A67288F182E00BD57E1 /* ViewController.swift in Sources */ = {isa = PBXBuildFile; fileRef = 9E2A8A66288F182E00BD57E1 /* ViewController.swift */; };
		9E2A8A6A288F182E00BD57E1 /* Main.storyboard in Resources */ = {isa = PBXBuildFile; fileRef = 9E2A8A68288F182E00BD57E1 /* Main.storyboard */; };
		9E2A8A6C288F183000BD57E1 /* Assets.xcassets in Resources */ = {isa = PBXBuildFile; fileRef = 9E2A8A6B288F183000BD57E1 /* Assets.xcassets */; };
		9E2A8A6F288F183000BD57E1 /* LaunchScreen.storyboard in Resources */ = {isa = PBXBuildFile; fileRef = 9E2A8A6D288F183000BD57E1 /* LaunchScreen.storyboard */; };
		9E2A8A7B288F191B00BD57E1 /* MovieCell.swift in Sources */ = {isa = PBXBuildFile; fileRef = 9E2A8A79288F191A00BD57E1 /* MovieCell.swift */; };
		9E2A8A7C288F191B00BD57E1 /* MovieCell.xib in Resources */ = {isa = PBXBuildFile; fileRef = 9E2A8A7A288F191A00BD57E1 /* MovieCell.xib */; };
		9E2A8A7E288F1FFF00BD57E1 /* MovieData.swift in Sources */ = {isa = PBXBuildFile; fileRef = 9E2A8A7D288F1FFF00BD57E1 /* MovieData.swift */; };
		9E2A8A80288F201500BD57E1 /* MovieResult.swift in Sources */ = {isa = PBXBuildFile; fileRef = 9E2A8A7F288F201500BD57E1 /* MovieResult.swift */; };
		9E2A8A82288F25A100BD57E1 /* MovieManager.swift in Sources */ = {isa = PBXBuildFile; fileRef = 9E2A8A81288F25A100BD57E1 /* MovieManager.swift */; };
		9EBE89B7288F2990001ACBC8 /* Localizable.strings in Resources */ = {isa = PBXBuildFile; fileRef = 9EBE89B9288F2990001ACBC8 /* Localizable.strings */; };
		9EBE89BD288F37B1001ACBC8 /* Alamofire in Frameworks */ = {isa = PBXBuildFile; productRef = 9EBE89BC288F37B1001ACBC8 /* Alamofire */; };
/* End PBXBuildFile section */

/* Begin PBXFileReference section */
		9E2A8A5F288F182E00BD57E1 /* MovieyApp.app */ = {isa = PBXFileReference; explicitFileType = wrapper.application; includeInIndex = 0; path = MovieyApp.app; sourceTree = BUILT_PRODUCTS_DIR; };
		9E2A8A62288F182E00BD57E1 /* AppDelegate.swift */ = {isa = PBXFileReference; lastKnownFileType = sourcecode.swift; path = AppDelegate.swift; sourceTree = "<group>"; };
		9E2A8A64288F182E00BD57E1 /* SceneDelegate.swift */ = {isa = PBXFileReference; lastKnownFileType = sourcecode.swift; path = SceneDelegate.swift; sourceTree = "<group>"; };
		9E2A8A66288F182E00BD57E1 /* ViewController.swift */ = {isa = PBXFileReference; lastKnownFileType = sourcecode.swift; path = ViewController.swift; sourceTree = "<group>"; };
		9E2A8A69288F182E00BD57E1 /* Base */ = {isa = PBXFileReference; lastKnownFileType = file.storyboard; name = Base; path = Base.lproj/Main.storyboard; sourceTree = "<group>"; };
		9E2A8A6B288F183000BD57E1 /* Assets.xcassets */ = {isa = PBXFileReference; lastKnownFileType = folder.assetcatalog; path = Assets.xcassets; sourceTree = "<group>"; };
		9E2A8A6E288F183000BD57E1 /* Base */ = {isa = PBXFileReference; lastKnownFileType = file.storyboard; name = Base; path = Base.lproj/LaunchScreen.storyboard; sourceTree = "<group>"; };
		9E2A8A70288F183000BD57E1 /* Info.plist */ = {isa = PBXFileReference; lastKnownFileType = text.plist.xml; path = Info.plist; sourceTree = "<group>"; };
		9E2A8A79288F191A00BD57E1 /* MovieCell.swift */ = {isa = PBXFileReference; lastKnownFileType = sourcecode.swift; path = MovieCell.swift; sourceTree = "<group>"; };
		9E2A8A7A288F191A00BD57E1 /* MovieCell.xib */ = {isa = PBXFileReference; lastKnownFileType = file.xib; path = MovieCell.xib; sourceTree = "<group>"; };
		9E2A8A7D288F1FFF00BD57E1 /* MovieData.swift */ = {isa = PBXFileReference; lastKnownFileType = sourcecode.swift; path = MovieData.swift; sourceTree = "<group>"; };
		9E2A8A7F288F201500BD57E1 /* MovieResult.swift */ = {isa = PBXFileReference; lastKnownFileType = sourcecode.swift; path = MovieResult.swift; sourceTree = "<group>"; };
		9E2A8A81288F25A100BD57E1 /* MovieManager.swift */ = {isa = PBXFileReference; lastKnownFileType = sourcecode.swift; path = MovieManager.swift; sourceTree = "<group>"; };
		9E2A8A85288F28F300BD57E1 /* tr */ = {isa = PBXFileReference; lastKnownFileType = text.plist.strings; name = tr; path = tr.lproj/Main.strings; sourceTree = "<group>"; };
		9EBE89B8288F2990001ACBC8 /* en */ = {isa = PBXFileReference; lastKnownFileType = text.plist.strings; name = en; path = en.lproj/Localizable.strings; sourceTree = "<group>"; };
		9EBE89BA288F2992001ACBC8 /* tr */ = {isa = PBXFileReference; lastKnownFileType = text.plist.strings; name = tr; path = tr.lproj/Localizable.strings; sourceTree = "<group>"; };
/* End PBXFileReference section */

/* Begin PBXFrameworksBuildPhase section */
		9E2A8A5C288F182E00BD57E1 /* Frameworks */ = {
			isa = PBXFrameworksBuildPhase;
			buildActionMask = 2147483647;
			files = (
				9EBE89BD288F37B1001ACBC8 /* Alamofire in Frameworks */,
			);
			runOnlyForDeploymentPostprocessing = 0;
		};
/* End PBXFrameworksBuildPhase section */

/* Begin PBXGroup section */
		9E2A8A56288F182E00BD57E1 = {
			isa = PBXGroup;
			children = (
				9E2A8A61288F182E00BD57E1 /* MovieyApp */,
				9E2A8A60288F182E00BD57E1 /* Products */,
			);
			sourceTree = "<group>";
		};
		9E2A8A60288F182E00BD57E1 /* Products */ = {
			isa = PBXGroup;
			children = (
				9E2A8A5F288F182E00BD57E1 /* MovieyApp.app */,
			);
			name = Products;
			sourceTree = "<group>";
		};
		9E2A8A61288F182E00BD57E1 /* MovieyApp */ = {
			isa = PBXGroup;
			children = (
				9E2A8A76288F183700BD57E1 /* Models */,
				9E2A8A77288F183C00BD57E1 /* View */,
				9E2A8A78288F184100BD57E1 /* Controller */,
				9E2A8A62288F182E00BD57E1 /* AppDelegate.swift */,
				9E2A8A64288F182E00BD57E1 /* SceneDelegate.swift */,
				9E2A8A6B288F183000BD57E1 /* Assets.xcassets */,
				9E2A8A6D288F183000BD57E1 /* LaunchScreen.storyboard */,
				9E2A8A70288F183000BD57E1 /* Info.plist */,
				9EBE89B9288F2990001ACBC8 /* Localizable.strings */,
			);
			path = MovieyApp;
			sourceTree = "<group>";
		};
		9E2A8A76288F183700BD57E1 /* Models */ = {
			isa = PBXGroup;
			children = (
				9E2A8A7D288F1FFF00BD57E1 /* MovieData.swift */,
				9E2A8A7F288F201500BD57E1 /* MovieResult.swift */,
				9E2A8A81288F25A100BD57E1 /* MovieManager.swift */,
			);
			path = Models;
			sourceTree = "<group>";
		};
		9E2A8A77288F183C00BD57E1 /* View */ = {
			isa = PBXGroup;
			children = (
				9E2A8A68288F182E00BD57E1 /* Main.storyboard */,
				9E2A8A79288F191A00BD57E1 /* MovieCell.swift */,
				9E2A8A7A288F191A00BD57E1 /* MovieCell.xib */,
			);
			path = View;
			sourceTree = "<group>";
		};
		9E2A8A78288F184100BD57E1 /* Controller */ = {
			isa = PBXGroup;
			children = (
				9E2A8A66288F182E00BD57E1 /* ViewController.swift */,
			);
			path = Controller;
			sourceTree = "<group>";
		};
/* End PBXGroup section */

/* Begin PBXNativeTarget section */
		9E2A8A5E288F182E00BD57E1 /* MovieyApp */ = {
			isa = PBXNativeTarget;
			buildConfigurationList = 9E2A8A73288F183000BD57E1 /* Build configuration list for PBXNativeTarget "MovieyApp" */;
			buildPhases = (
				9E2A8A5B288F182E00BD57E1 /* Sources */,
				9E2A8A5C288F182E00BD57E1 /* Frameworks */,
				9E2A8A5D288F182E00BD57E1 /* Resources */,
			);
			buildRules = (
			);
			dependencies = (
			);
			name = MovieyApp;
			packageProductDependencies = (
				9EBE89BC288F37B1001ACBC8 /* Alamofire */,
			);
			productName = MovieyApp;
			productReference = 9E2A8A5F288F182E00BD57E1 /* MovieyApp.app */;
			productType = "com.apple.product-type.application";
		};
/* End PBXNativeTarget section */

/* Begin PBXProject section */
		9E2A8A57288F182E00BD57E1 /* Project object */ = {
			isa = PBXProject;
			attributes = {
				BuildIndependentTargetsInParallel = 1;
				LastSwiftUpdateCheck = 1340;
				LastUpgradeCheck = 1340;
				TargetAttributes = {
					9E2A8A5E288F182E00BD57E1 = {
						CreatedOnToolsVersion = 13.4.1;
					};
				};
			};
			buildConfigurationList = 9E2A8A5A288F182E00BD57E1 /* Build configuration list for PBXProject "MovieyApp" */;
			compatibilityVersion = "Xcode 13.0";
			developmentRegion = en;
			hasScannedForEncodings = 0;
			knownRegions = (
				en,
				Base,
				tr,
			);
			mainGroup = 9E2A8A56288F182E00BD57E1;
			packageReferences = (
				9EBE89BB288F37B1001ACBC8 /* XCRemoteSwiftPackageReference "Alamofire" */,
			);
			productRefGroup = 9E2A8A60288F182E00BD57E1 /* Products */;
			projectDirPath = "";
			projectRoot = "";
			targets = (
				9E2A8A5E288F182E00BD57E1 /* MovieyApp */,
			);
		};
/* End PBXProject section */

/* Begin PBXResourcesBuildPhase section */
		9E2A8A5D288F182E00BD57E1 /* Resources */ = {
			isa = PBXResourcesBuildPhase;
			buildActionMask = 2147483647;
			files = (
				9EBE89B7288F2990001ACBC8 /* Localizable.strings in Resources */,
				9E2A8A6F288F183000BD57E1 /* LaunchScreen.storyboard in Resources */,
				9E2A8A6C288F183000BD57E1 /* Assets.xcassets in Resources */,
				9E2A8A7C288F191B00BD57E1 /* MovieCell.xib in Resources */,
				9E2A8A6A288F182E00BD57E1 /* Main.storyboard in Resources */,
			);
			runOnlyForDeploymentPostprocessing = 0;
		};
/* End PBXResourcesBuildPhase section */

/* Begin PBXSourcesBuildPhase section */
		9E2A8A5B288F182E00BD57E1 /* Sources */ = {
			isa = PBXSourcesBuildPhase;
			buildActionMask = 2147483647;
			files = (
				9E2A8A67288F182E00BD57E1 /* ViewController.swift in Sources */,
				9E2A8A80288F201500BD57E1 /* MovieResult.swift in Sources */,
				9E2A8A82288F25A100BD57E1 /* MovieManager.swift in Sources */,
				9E2A8A63288F182E00BD57E1 /* AppDelegate.swift in Sources */,
				9E2A8A7B288F191B00BD57E1 /* MovieCell.swift in Sources */,
				9E2A8A7E288F1FFF00BD57E1 /* MovieData.swift in Sources */,
				9E2A8A65288F182E00BD57E1 /* SceneDelegate.swift in Sources */,
			);
			runOnlyForDeploymentPostprocessing = 0;
		};
/* End PBXSourcesBuildPhase section */

/* Begin PBXVariantGroup section */
		9E2A8A68288F182E00BD57E1 /* Main.storyboard */ = {
			isa = PBXVariantGroup;
			children = (
				9E2A8A69288F182E00BD57E1 /* Base */,
				9E2A8A85288F28F300BD57E1 /* tr */,
			);
			name = Main.storyboard;
			sourceTree = "<group>";
		};
		9E2A8A6D288F183000BD57E1 /* LaunchScreen.storyboard */ = {
			isa = PBXVariantGroup;
			children = (
				9E2A8A6E288F183000BD57E1 /* Base */,
			);
			name = LaunchScreen.storyboard;
			sourceTree = "<group>";
		};
		9EBE89B9288F2990001ACBC8 /* Localizable.strings */ = {
			isa = PBXVariantGroup;
			children = (
				9EBE89B8288F2990001ACBC8 /* en */,
				9EBE89BA288F2992001ACBC8 /* tr */,
			);
			name = Localizable.strings;
			sourceTree = "<group>";
		};
/* End PBXVariantGroup section */

/* Begin XCBuildConfiguration section */
		9E2A8A71288F183000BD57E1 /* Debug */ = {
			isa = XCBuildConfiguration;
			buildSettings = {
				ALWAYS_SEARCH_USER_PATHS = NO;
				CLANG_ANALYZER_LOCALIZABILITY_NONLOCALIZED = YES;
				CLANG_ANALYZER_NONNULL = YES;
				CLANG_ANALYZER_NUMBER_OBJECT_CONVERSION = YES_AGGRESSIVE;
				CLANG_CXX_LANGUAGE_STANDARD = "gnu++17";
				CLANG_ENABLE_MODULES = YES;
				CLANG_ENABLE_OBJC_ARC = YES;
				CLANG_ENABLE_OBJC_WEAK = YES;
				CLANG_WARN_BLOCK_CAPTURE_AUTORELEASING = YES;
				CLANG_WARN_BOOL_CONVERSION = YES;
				CLANG_WARN_COMMA = YES;
				CLANG_WARN_CONSTANT_CONVERSION = YES;
				CLANG_WARN_DEPRECATED_OBJC_IMPLEMENTATIONS = YES;
				CLANG_WARN_DIRECT_OBJC_ISA_USAGE = YES_ERROR;
				CLANG_WARN_DOCUMENTATION_COMMENTS = YES;
				CLANG_WARN_EMPTY_BODY = YES;
				CLANG_WARN_ENUM_CONVERSION = YES;
				CLANG_WARN_INFINITE_RECURSION = YES;
				CLANG_WARN_INT_CONVERSION = YES;
				CLANG_WARN_NON_LITERAL_NULL_CONVERSION = YES;
				CLANG_WARN_OBJC_IMPLICIT_RETAIN_SELF = YES;
				CLANG_WARN_OBJC_LITERAL_CONVERSION = YES;
				CLANG_WARN_OBJC_ROOT_CLASS = YES_ERROR;
				CLANG_WARN_QUOTED_INCLUDE_IN_FRAMEWORK_HEADER = YES;
				CLANG_WARN_RANGE_LOOP_ANALYSIS = YES;
				CLANG_WARN_STRICT_PROTOTYPES = YES;
				CLANG_WARN_SUSPICIOUS_MOVE = YES;
				CLANG_WARN_UNGUARDED_AVAILABILITY = YES_AGGRESSIVE;
				CLANG_WARN_UNREACHABLE_CODE = YES;
				CLANG_WARN__DUPLICATE_METHOD_MATCH = YES;
				COPY_PHASE_STRIP = NO;
				DEBUG_INFORMATION_FORMAT = dwarf;
				ENABLE_STRICT_OBJC_MSGSEND = YES;
				ENABLE_TESTABILITY = YES;
				GCC_C_LANGUAGE_STANDARD = gnu11;
				GCC_DYNAMIC_NO_PIC = NO;
				GCC_NO_COMMON_BLOCKS = YES;
				GCC_OPTIMIZATION_LEVEL = 0;
				GCC_PREPROCESSOR_DEFINITIONS = (
					"DEBUG=1",
					"$(inherited)",
				);
				GCC_WARN_64_TO_32_BIT_CONVERSION = YES;
				GCC_WARN_ABOUT_RETURN_TYPE = YES_ERROR;
				GCC_WARN_UNDECLARED_SELECTOR = YES;
				GCC_WARN_UNINITIALIZED_AUTOS = YES_AGGRESSIVE;
				GCC_WARN_UNUSED_FUNCTION = YES;
				GCC_WARN_UNUSED_VARIABLE = YES;
				IPHONEOS_DEPLOYMENT_TARGET = 15.5;
				MTL_ENABLE_DEBUG_INFO = INCLUDE_SOURCE;
				MTL_FAST_MATH = YES;
				ONLY_ACTIVE_ARCH = YES;
				SDKROOT = iphoneos;
				SWIFT_ACTIVE_COMPILATION_CONDITIONS = DEBUG;
				SWIFT_OPTIMIZATION_LEVEL = "-Onone";
			};
			name = Debug;
		};
		9E2A8A72288F183000BD57E1 /* Release */ = {
			isa = XCBuildConfiguration;
			buildSettings = {
				ALWAYS_SEARCH_USER_PATHS = NO;
				CLANG_ANALYZER_LOCALIZABILITY_NONLOCALIZED = YES;
				CLANG_ANALYZER_NONNULL = YES;
				CLANG_ANALYZER_NUMBER_OBJECT_CONVERSION = YES_AGGRESSIVE;
				CLANG_CXX_LANGUAGE_STANDARD = "gnu++17";
				CLANG_ENABLE_MODULES = YES;
				CLANG_ENABLE_OBJC_ARC = YES;
				CLANG_ENABLE_OBJC_WEAK = YES;
				CLANG_WARN_BLOCK_CAPTURE_AUTORELEASING = YES;
				CLANG_WARN_BOOL_CONVERSION = YES;
				CLANG_WARN_COMMA = YES;
				CLANG_WARN_CONSTANT_CONVERSION = YES;
				CLANG_WARN_DEPRECATED_OBJC_IMPLEMENTATIONS = YES;
				CLANG_WARN_DIRECT_OBJC_ISA_USAGE = YES_ERROR;
				CLANG_WARN_DOCUMENTATION_COMMENTS = YES;
				CLANG_WARN_EMPTY_BODY = YES;
				CLANG_WARN_ENUM_CONVERSION = YES;
				CLANG_WARN_INFINITE_RECURSION = YES;
				CLANG_WARN_INT_CONVERSION = YES;
				CLANG_WARN_NON_LITERAL_NULL_CONVERSION = YES;
				CLANG_WARN_OBJC_IMPLICIT_RETAIN_SELF = YES;
				CLANG_WARN_OBJC_LITERAL_CONVERSION = YES;
				CLANG_WARN_OBJC_ROOT_CLASS = YES_ERROR;
				CLANG_WARN_QUOTED_INCLUDE_IN_FRAMEWORK_HEADER = YES;
				CLANG_WARN_RANGE_LOOP_ANALYSIS = YES;
				CLANG_WARN_STRICT_PROTOTYPES = YES;
				CLANG_WARN_SUSPICIOUS_MOVE = YES;
				CLANG_WARN_UNGUARDED_AVAILABILITY = YES_AGGRESSIVE;
				CLANG_WARN_UNREACHABLE_CODE = YES;
				CLANG_WARN__DUPLICATE_METHOD_MATCH = YES;
				COPY_PHASE_STRIP = NO;
				DEBUG_INFORMATION_FORMAT = "dwarf-with-dsym";
				ENABLE_NS_ASSERTIONS = NO;
				ENABLE_STRICT_OBJC_MSGSEND = YES;
				GCC_C_LANGUAGE_STANDARD = gnu11;
				GCC_NO_COMMON_BLOCKS = YES;
				GCC_WARN_64_TO_32_BIT_CONVERSION = YES;
				GCC_WARN_ABOUT_RETURN_TYPE = YES_ERROR;
				GCC_WARN_UNDECLARED_SELECTOR = YES;
				GCC_WARN_UNINITIALIZED_AUTOS = YES_AGGRESSIVE;
				GCC_WARN_UNUSED_FUNCTION = YES;
				GCC_WARN_UNUSED_VARIABLE = YES;
				IPHONEOS_DEPLOYMENT_TARGET = 15.5;
				MTL_ENABLE_DEBUG_INFO = NO;
				MTL_FAST_MATH = YES;
				SDKROOT = iphoneos;
				SWIFT_COMPILATION_MODE = wholemodule;
				SWIFT_OPTIMIZATION_LEVEL = "-O";
				VALIDATE_PRODUCT = YES;
			};
			name = Release;
		};
		9E2A8A74288F183000BD57E1 /* Debug */ = {
			isa = XCBuildConfiguration;
			buildSettings = {
				ASSETCATALOG_COMPILER_APPICON_NAME = AppIcon;
				ASSETCATALOG_COMPILER_GLOBAL_ACCENT_COLOR_NAME = AccentColor;
				CODE_SIGN_STYLE = Automatic;
				CURRENT_PROJECT_VERSION = 1;
				DEVELOPMENT_TEAM = 39F264M3G6;
				GENERATE_INFOPLIST_FILE = YES;
				INFOPLIST_FILE = MovieyApp/Info.plist;
				INFOPLIST_KEY_UIApplicationSupportsIndirectInputEvents = YES;
				INFOPLIST_KEY_UILaunchStoryboardName = LaunchScreen;
				INFOPLIST_KEY_UIMainStoryboardFile = Main;
				INFOPLIST_KEY_UISupportedInterfaceOrientations_iPad = "UIInterfaceOrientationPortrait UIInterfaceOrientationPortraitUpsideDown UIInterfaceOrientationLandscapeLeft UIInterfaceOrientationLandscapeRight";
				INFOPLIST_KEY_UISupportedInterfaceOrientations_iPhone = "UIInterfaceOrientationPortrait UIInterfaceOrientationLandscapeLeft UIInterfaceOrientationLandscapeRight";
				LD_RUNPATH_SEARCH_PATHS = (
					"$(inherited)",
					"@executable_path/Frameworks",
				);
				MARKETING_VERSION = 1.0;
				PRODUCT_BUNDLE_IDENTIFIER = com.busetopuz.MovieyApp;
				PRODUCT_NAME = "$(TARGET_NAME)";
				SWIFT_EMIT_LOC_STRINGS = YES;
				SWIFT_VERSION = 5.0;
				TARGETED_DEVICE_FAMILY = "1,2";
			};
			name = Debug;
		};
		9E2A8A75288F183000BD57E1 /* Release */ = {
			isa = XCBuildConfiguration;
			buildSettings = {
				ASSETCATALOG_COMPILER_APPICON_NAME = AppIcon;
				ASSETCATALOG_COMPILER_GLOBAL_ACCENT_COLOR_NAME = AccentColor;
				CODE_SIGN_STYLE = Automatic;
				CURRENT_PROJECT_VERSION = 1;
				DEVELOPMENT_TEAM = 39F264M3G6;
				GENERATE_INFOPLIST_FILE = YES;
				INFOPLIST_FILE = MovieyApp/Info.plist;
				INFOPLIST_KEY_UIApplicationSupportsIndirectInputEvents = YES;
				INFOPLIST_KEY_UILaunchStoryboardName = LaunchScreen;
				INFOPLIST_KEY_UIMainStoryboardFile = Main;
				INFOPLIST_KEY_UISupportedInterfaceOrientations_iPad = "UIInterfaceOrientationPortrait UIInterfaceOrientationPortraitUpsideDown UIInterfaceOrientationLandscapeLeft UIInterfaceOrientationLandscapeRight";
				INFOPLIST_KEY_UISupportedInterfaceOrientations_iPhone = "UIInterfaceOrientationPortrait UIInterfaceOrientationLandscapeLeft UIInterfaceOrientationLandscapeRight";
				LD_RUNPATH_SEARCH_PATHS = (
					"$(inherited)",
					"@executable_path/Frameworks",
				);
				MARKETING_VERSION = 1.0;
				PRODUCT_BUNDLE_IDENTIFIER = com.busetopuz.MovieyApp;
				PRODUCT_NAME = "$(TARGET_NAME)";
				SWIFT_EMIT_LOC_STRINGS = YES;
				SWIFT_VERSION = 5.0;
				TARGETED_DEVICE_FAMILY = "1,2";
			};
			name = Release;
		};
/* End XCBuildConfiguration section */

/* Begin XCConfigurationList section */
		9E2A8A5A288F182E00BD57E1 /* Build configuration list for PBXProject "MovieyApp" */ = {
			isa = XCConfigurationList;
			buildConfigurations = (
				9E2A8A71288F183000BD57E1 /* Debug */,
				9E2A8A72288F183000BD57E1 /* Release */,
			);
			defaultConfigurationIsVisible = 0;
			defaultConfigurationName = Release;
		};
		9E2A8A73288F183000BD57E1 /* Build configuration list for PBXNativeTarget "MovieyApp" */ = {
			isa = XCConfigurationList;
			buildConfigurations = (
				9E2A8A74288F183000BD57E1 /* Debug */,
				9E2A8A75288F183000BD57E1 /* Release */,
			);
			defaultConfigurationIsVisible = 0;
			defaultConfigurationName = Release;
		};
/* End XCConfigurationList section */

/* Begin XCRemoteSwiftPackageReference section */
		9EBE89BB288F37B1001ACBC8 /* XCRemoteSwiftPackageReference "Alamofire" */ = {
			isa = XCRemoteSwiftPackageReference;
			repositoryURL = "https://github.com/Alamofire/Alamofire.git";
			requirement = {
				kind = upToNextMajorVersion;
				minimumVersion = 5.0.0;
			};
		};
/* End XCRemoteSwiftPackageReference section */

/* Begin XCSwiftPackageProductDependency section */
		9EBE89BC288F37B1001ACBC8 /* Alamofire */ = {
			isa = XCSwiftPackageProductDependency;
			package = 9EBE89BB288F37B1001ACBC8 /* XCRemoteSwiftPackageReference "Alamofire" */;
			productName = Alamofire;
		};
/* End XCSwiftPackageProductDependency section */
	};
	rootObject = 9E2A8A57288F182E00BD57E1 /* Project object */;
}
